// !$*UTF8*$!
{
	archiveVersion = 1;
	classes = {
	};
	objectVersion = 56;
	objects = {

/* Begin PBXBuildFile section */
		4A5F72C62A98585200BEECB2 /* main.swift in Sources */ = {isa = PBXBuildFile; fileRef = 4A644BC52A7BC91800019B39 /* main.swift */; };
/* End PBXBuildFile section */

/* Begin PBXCopyFilesBuildPhase section */
		4A644BC02A7BC91800019B39 /* CopyFiles */ = {
			isa = PBXCopyFilesBuildPhase;
			buildActionMask = 2147483647;
			dstPath = /usr/share/man/man1/;
			dstSubfolderSpec = 0;
			files = (
			);
			runOnlyForDeploymentPostprocessing = 1;
		};
/* End PBXCopyFilesBuildPhase section */

/* Begin PBXFileReference section */
		4A0123682AAAF89C00E09646 /* pg_84512.swift */ = {isa = PBXFileReference; lastKnownFileType = sourcecode.swift; path = pg_84512.swift; sourceTree = "<group>"; };
		4A0123692AAB089B00E09646 /* pg_86971.swift */ = {isa = PBXFileReference; lastKnownFileType = sourcecode.swift; path = pg_86971.swift; sourceTree = "<group>"; };
		4A01236A2AAB12C300E09646 /* pg_87946.swift */ = {isa = PBXFileReference; lastKnownFileType = sourcecode.swift; path = pg_87946.swift; sourceTree = "<group>"; };
		4A01236B2AAB1A6D00E09646 /* pg_42839.swift */ = {isa = PBXFileReference; lastKnownFileType = sourcecode.swift; path = pg_42839.swift; sourceTree = "<group>"; };
		4A01236C2AAB6CCC00E09646 /* pg_43165.swift */ = {isa = PBXFileReference; lastKnownFileType = sourcecode.swift; path = pg_43165.swift; sourceTree = "<group>"; };
		4A01236D2AAB733200E09646 /* pg_43162.swift */ = {isa = PBXFileReference; lastKnownFileType = sourcecode.swift; path = pg_43162.swift; sourceTree = "<group>"; };
		4A01236E2AAB815D00E09646 /* pg_43163.swift */ = {isa = PBXFileReference; lastKnownFileType = sourcecode.swift; path = pg_43163.swift; sourceTree = "<group>"; };
		4A1882F42A8667250088F590 /* BinarySearchTree.swift */ = {isa = PBXFileReference; lastKnownFileType = sourcecode.swift; path = BinarySearchTree.swift; sourceTree = "<group>"; };
		4A1A29F32A9F8447001BAFAA /* boj_2178.swift */ = {isa = PBXFileReference; lastKnownFileType = sourcecode.swift; path = boj_2178.swift; sourceTree = "<group>"; };
		4A1A29F42A9F9585001BAFAA /* boj_14940.swift */ = {isa = PBXFileReference; lastKnownFileType = sourcecode.swift; path = boj_14940.swift; sourceTree = "<group>"; };
		4A1A29F62AA0B7F4001BAFAA /* Hash.swift */ = {isa = PBXFileReference; lastKnownFileType = sourcecode.swift; path = Hash.swift; sourceTree = "<group>"; };
		4A1A29F92AA0FC09001BAFAA /* Dijkstra.swift */ = {isa = PBXFileReference; lastKnownFileType = sourcecode.swift; path = Dijkstra.swift; sourceTree = "<group>"; };
		4A1A29FA2AA1A152001BAFAA /* boj_1753.swift */ = {isa = PBXFileReference; lastKnownFileType = sourcecode.swift; path = boj_1753.swift; sourceTree = "<group>"; };
		4A3F243D2AB3507900117F1B /* pg_43164.swift */ = {isa = PBXFileReference; lastKnownFileType = sourcecode.swift; path = pg_43164.swift; sourceTree = "<group>"; };
		4A3F243E2AB3572F00117F1B /* pg_49189.swift */ = {isa = PBXFileReference; lastKnownFileType = sourcecode.swift; path = pg_49189.swift; sourceTree = "<group>"; };
		4A3F24402AB3835200117F1B /* pg_17682.swift */ = {isa = PBXFileReference; lastKnownFileType = sourcecode.swift; path = pg_17682.swift; sourceTree = "<group>"; };
		4A3F24422AB3FDB500117F1B /* insertSort.swift */ = {isa = PBXFileReference; lastKnownFileType = sourcecode.swift; path = insertSort.swift; sourceTree = "<group>"; };
		4A3F24432AB408BB00117F1B /* bubleSort.swift */ = {isa = PBXFileReference; lastKnownFileType = sourcecode.swift; path = bubleSort.swift; sourceTree = "<group>"; };
		4A3F24442AB56C2D00117F1B /* pg_도형.swift */ = {isa = PBXFileReference; lastKnownFileType = sourcecode.swift; path = "pg_도형.swift"; sourceTree = "<group>"; };
		4A45A6362A81E02800736826 /* boj_10828.swift */ = {isa = PBXFileReference; lastKnownFileType = sourcecode.swift; path = boj_10828.swift; sourceTree = "<group>"; };
		4A45A6382A81E05700736826 /* DoublyLinkedList.swift */ = {isa = PBXFileReference; lastKnownFileType = sourcecode.swift; path = DoublyLinkedList.swift; sourceTree = "<group>"; };
		4A45A6392A81EC9400736826 /* boj_10845.swift */ = {isa = PBXFileReference; lastKnownFileType = sourcecode.swift; path = boj_10845.swift; sourceTree = "<group>"; };
		4A5997022A9768C0006B7726 /* boj_2644.swift */ = {isa = PBXFileReference; lastKnownFileType = sourcecode.swift; path = boj_2644.swift; sourceTree = "<group>"; };
		4A5997032A976FF4006B7726 /* boj_11724.swift */ = {isa = PBXFileReference; lastKnownFileType = sourcecode.swift; path = boj_11724.swift; sourceTree = "<group>"; };
		4A5997042A977541006B7726 /* boj_1012.swift */ = {isa = PBXFileReference; lastKnownFileType = sourcecode.swift; path = boj_1012.swift; sourceTree = "<group>"; };
		4A5F72C52A9854F000BEECB2 /* boj_2606.swift */ = {isa = PBXFileReference; lastKnownFileType = sourcecode.swift; path = boj_2606.swift; sourceTree = "<group>"; };
		4A5F72C72A985B5300BEECB2 /* boj_15649.swift */ = {isa = PBXFileReference; lastKnownFileType = sourcecode.swift; path = boj_15649.swift; sourceTree = "<group>"; };
		4A5F72C82A9865CA00BEECB2 /* boj_1182.swift */ = {isa = PBXFileReference; lastKnownFileType = sourcecode.swift; path = boj_1182.swift; sourceTree = "<group>"; };
		4A644BC22A7BC91800019B39 /* algorithm */ = {isa = PBXFileReference; explicitFileType = "compiled.mach-o.executable"; includeInIndex = 0; path = algorithm; sourceTree = BUILT_PRODUCTS_DIR; };
		4A644BC52A7BC91800019B39 /* main.swift */ = {isa = PBXFileReference; lastKnownFileType = sourcecode.swift; path = main.swift; sourceTree = "<group>"; };
		4A644BCD2A7BC94200019B39 /* Stack.swift */ = {isa = PBXFileReference; lastKnownFileType = sourcecode.swift; path = Stack.swift; sourceTree = "<group>"; };
		4A644BCF2A7BCE9C00019B39 /* Queue.swift */ = {isa = PBXFileReference; lastKnownFileType = sourcecode.swift; path = Queue.swift; sourceTree = "<group>"; };
		4A644BD32A7C03E500019B39 /* IndexQueue.swift */ = {isa = PBXFileReference; lastKnownFileType = sourcecode.swift; path = IndexQueue.swift; sourceTree = "<group>"; };
		4A644BD52A7C093300019B39 /* DoubleArrayQueue.swift */ = {isa = PBXFileReference; lastKnownFileType = sourcecode.swift; path = DoubleArrayQueue.swift; sourceTree = "<group>"; };
		4A81C29B2ACE5A8C0056E815 /* pg_68935.swift */ = {isa = PBXFileReference; lastKnownFileType = sourcecode.swift; path = pg_68935.swift; sourceTree = "<group>"; };
		4A81C29C2ACE5AAD0056E815 /* pg_12914.swift */ = {isa = PBXFileReference; lastKnownFileType = sourcecode.swift; path = pg_12914.swift; sourceTree = "<group>"; };
		4A81C29D2ACE5C2C0056E815 /* pg_17686.swift */ = {isa = PBXFileReference; lastKnownFileType = sourcecode.swift; path = pg_17686.swift; sourceTree = "<group>"; };
		4A81C29F2ACFD91C0056E815 /* pg_131130.swift */ = {isa = PBXFileReference; lastKnownFileType = sourcecode.swift; path = pg_131130.swift; sourceTree = "<group>"; };
		4A81C2A12ACFD9440056E815 /* pg_12905.swift */ = {isa = PBXFileReference; lastKnownFileType = sourcecode.swift; path = pg_12905.swift; sourceTree = "<group>"; };
		4A8AAFE92A97499E00126F46 /* boj_4673.swift */ = {isa = PBXFileReference; lastKnownFileType = sourcecode.swift; path = boj_4673.swift; sourceTree = "<group>"; };
		4A8AAFEB2A975B8F00126F46 /* boj_14888.swift */ = {isa = PBXFileReference; lastKnownFileType = sourcecode.swift; path = boj_14888.swift; sourceTree = "<group>"; };
		4AC00ECE2AD2D4C0009230DA /* boj_16395.swift */ = {isa = PBXFileReference; lastKnownFileType = sourcecode.swift; path = boj_16395.swift; sourceTree = "<group>"; };
		4AC00ED02AD2D4FE009230DA /* pg_138476.swift */ = {isa = PBXFileReference; lastKnownFileType = sourcecode.swift; path = pg_138476.swift; sourceTree = "<group>"; };
		4AC00ED12AD2D559009230DA /* pg_12981.swift */ = {isa = PBXFileReference; lastKnownFileType = sourcecode.swift; path = pg_12981.swift; sourceTree = "<group>"; };
		4AC00ED22AD2D5B1009230DA /* pg_12904.swift */ = {isa = PBXFileReference; lastKnownFileType = sourcecode.swift; path = pg_12904.swift; sourceTree = "<group>"; };
		4AC0471B2A8EA31D00EBDC0E /* Heap.swift */ = {isa = PBXFileReference; lastKnownFileType = sourcecode.swift; path = Heap.swift; sourceTree = "<group>"; };
		4AC0471D2A8EA35A00EBDC0E /* boj_11279.swift */ = {isa = PBXFileReference; lastKnownFileType = sourcecode.swift; path = boj_11279.swift; sourceTree = "<group>"; };
		4AC0471E2A8F283C00EBDC0E /* boj_1927.swift */ = {isa = PBXFileReference; lastKnownFileType = sourcecode.swift; path = boj_1927.swift; sourceTree = "<group>"; };
		4AC047212A8F306500EBDC0E /* boj_1991.swift */ = {isa = PBXFileReference; lastKnownFileType = sourcecode.swift; path = boj_1991.swift; sourceTree = "<group>"; };
		4AE35E982A7FC68700465FD5 /* LinkedList.swift */ = {isa = PBXFileReference; lastKnownFileType = sourcecode.swift; path = LinkedList.swift; sourceTree = "<group>"; };
		4AE8D1DA2A83498D00DDA9B9 /* CircleLinkedList.swift */ = {isa = PBXFileReference; lastKnownFileType = sourcecode.swift; path = CircleLinkedList.swift; sourceTree = "<group>"; };
/* End PBXFileReference section */

/* Begin PBXFrameworksBuildPhase section */
		4A644BBF2A7BC91800019B39 /* Frameworks */ = {
			isa = PBXFrameworksBuildPhase;
			buildActionMask = 2147483647;
			files = (
			);
			runOnlyForDeploymentPostprocessing = 0;
		};
/* End PBXFrameworksBuildPhase section */

/* Begin PBXGroup section */
		4A0123642AAAF87900E09646 /* programmers */ = {
			isa = PBXGroup;
			children = (
				4A3F243F2AB3834100117F1B /* Level_1 */,
				4A0123672AAAF88800E09646 /* Level_2 */,
				4A3F243C2AB3506C00117F1B /* Level_3 */,
			);
			path = programmers;
			sourceTree = "<group>";
		};
		4A0123672AAAF88800E09646 /* Level_2 */ = {
			isa = PBXGroup;
			children = (
				4A0123682AAAF89C00E09646 /* pg_84512.swift */,
				4A0123692AAB089B00E09646 /* pg_86971.swift */,
				4A01236A2AAB12C300E09646 /* pg_87946.swift */,
				4A01236B2AAB1A6D00E09646 /* pg_42839.swift */,
				4A01236C2AAB6CCC00E09646 /* pg_43165.swift */,
				4A01236D2AAB733200E09646 /* pg_43162.swift */,
				4A01236E2AAB815D00E09646 /* pg_43163.swift */,
				4A81C29C2ACE5AAD0056E815 /* pg_12914.swift */,
				4A81C29D2ACE5C2C0056E815 /* pg_17686.swift */,
				4A81C29F2ACFD91C0056E815 /* pg_131130.swift */,
				4A81C2A12ACFD9440056E815 /* pg_12905.swift */,
				4AC00ED02AD2D4FE009230DA /* pg_138476.swift */,
				4AC00ED12AD2D559009230DA /* pg_12981.swift */,
			);
			path = Level_2;
			sourceTree = "<group>";
		};
		4A1882F32A8667100088F590 /* Tree */ = {
			isa = PBXGroup;
			children = (
				4A1882F42A8667250088F590 /* BinarySearchTree.swift */,
			);
			path = Tree;
			sourceTree = "<group>";
		};
		4A1A29F52AA0B7E5001BAFAA /* Hash */ = {
			isa = PBXGroup;
			children = (
				4A1A29F62AA0B7F4001BAFAA /* Hash.swift */,
			);
			path = Hash;
			sourceTree = "<group>";
		};
		4A1A29F82AA0FBFA001BAFAA /* Dijkstra */ = {
			isa = PBXGroup;
			children = (
				4A1A29F92AA0FC09001BAFAA /* Dijkstra.swift */,
			);
			path = Dijkstra;
			sourceTree = "<group>";
		};
		4A3F243C2AB3506C00117F1B /* Level_3 */ = {
			isa = PBXGroup;
			children = (
				4A3F243D2AB3507900117F1B /* pg_43164.swift */,
				4A3F243E2AB3572F00117F1B /* pg_49189.swift */,
				4A3F24442AB56C2D00117F1B /* pg_도형.swift */,
				4AC00ED22AD2D5B1009230DA /* pg_12904.swift */,
			);
			path = Level_3;
			sourceTree = "<group>";
		};
		4A3F243F2AB3834100117F1B /* Level_1 */ = {
			isa = PBXGroup;
			children = (
				4A3F24402AB3835200117F1B /* pg_17682.swift */,
				4A81C29B2ACE5A8C0056E815 /* pg_68935.swift */,
			);
			path = Level_1;
			sourceTree = "<group>";
		};
		4A3F24412AB3FD9F00117F1B /* Sort */ = {
			isa = PBXGroup;
			children = (
				4A3F24422AB3FDB500117F1B /* insertSort.swift */,
				4A3F24432AB408BB00117F1B /* bubleSort.swift */,
			);
			path = Sort;
			sourceTree = "<group>";
		};
		4A45A6352A81E00E00736826 /* Boj */ = {
			isa = PBXGroup;
			children = (
				4A45A6362A81E02800736826 /* boj_10828.swift */,
				4A45A6392A81EC9400736826 /* boj_10845.swift */,
				4AC0471D2A8EA35A00EBDC0E /* boj_11279.swift */,
				4AC0471E2A8F283C00EBDC0E /* boj_1927.swift */,
				4AC047212A8F306500EBDC0E /* boj_1991.swift */,
				4A8AAFE92A97499E00126F46 /* boj_4673.swift */,
				4A8AAFEB2A975B8F00126F46 /* boj_14888.swift */,
				4A5997022A9768C0006B7726 /* boj_2644.swift */,
				4A5997032A976FF4006B7726 /* boj_11724.swift */,
				4A5997042A977541006B7726 /* boj_1012.swift */,
				4A5F72C52A9854F000BEECB2 /* boj_2606.swift */,
				4A5F72C72A985B5300BEECB2 /* boj_15649.swift */,
				4A5F72C82A9865CA00BEECB2 /* boj_1182.swift */,
				4A1A29F32A9F8447001BAFAA /* boj_2178.swift */,
				4A1A29F42A9F9585001BAFAA /* boj_14940.swift */,
				4A1A29FA2AA1A152001BAFAA /* boj_1753.swift */,
			);
			path = Boj;
			sourceTree = "<group>";
		};
		4A644BB92A7BC91800019B39 = {
			isa = PBXGroup;
			children = (
				4A644BC42A7BC91800019B39 /* algorithm */,
				4A644BC32A7BC91800019B39 /* Products */,
			);
			sourceTree = "<group>";
		};
		4A644BC32A7BC91800019B39 /* Products */ = {
			isa = PBXGroup;
			children = (
				4A644BC22A7BC91800019B39 /* algorithm */,
			);
			name = Products;
			sourceTree = "<group>";
		};
		4A644BC42A7BC91800019B39 /* algorithm */ = {
			isa = PBXGroup;
			children = (
				4A0123642AAAF87900E09646 /* programmers */,
				4A45A6352A81E00E00736826 /* Boj */,
				4A644BCC2A7BC93200019B39 /* DataStructure */,
				4A644BC52A7BC91800019B39 /* main.swift */,
			);
			path = algorithm;
			sourceTree = "<group>";
		};
		4A644BCC2A7BC93200019B39 /* DataStructure */ = {
			isa = PBXGroup;
			children = (
				4AC00ECD2AD2D4B7009230DA /* DP */,
				4A3F24412AB3FD9F00117F1B /* Sort */,
				4A1A29F82AA0FBFA001BAFAA /* Dijkstra */,
				4A1A29F52AA0B7E5001BAFAA /* Hash */,
				4AC0471A2A8EA31600EBDC0E /* Heap */,
				4A1882F32A8667100088F590 /* Tree */,
				4ABF4F292A7E500200B5CF8E /* LinkedList */,
				4A644BD22A7BD3BA00019B39 /* Queue */,
				4A644BD12A7BD3B500019B39 /* Stack */,
			);
			path = DataStructure;
			sourceTree = "<group>";
		};
		4A644BD12A7BD3B500019B39 /* Stack */ = {
			isa = PBXGroup;
			children = (
				4A644BCD2A7BC94200019B39 /* Stack.swift */,
			);
			path = Stack;
			sourceTree = "<group>";
		};
		4A644BD22A7BD3BA00019B39 /* Queue */ = {
			isa = PBXGroup;
			children = (
				4A644BCF2A7BCE9C00019B39 /* Queue.swift */,
				4A644BD32A7C03E500019B39 /* IndexQueue.swift */,
				4A644BD52A7C093300019B39 /* DoubleArrayQueue.swift */,
			);
			path = Queue;
			sourceTree = "<group>";
		};
		4ABF4F292A7E500200B5CF8E /* LinkedList */ = {
			isa = PBXGroup;
			children = (
				4AE35E982A7FC68700465FD5 /* LinkedList.swift */,
				4A45A6382A81E05700736826 /* DoublyLinkedList.swift */,
				4AE8D1DA2A83498D00DDA9B9 /* CircleLinkedList.swift */,
			);
			path = LinkedList;
			sourceTree = "<group>";
		};
		4AC00ECD2AD2D4B7009230DA /* DP */ = {
			isa = PBXGroup;
			children = (
				4AC00ECE2AD2D4C0009230DA /* boj_16395.swift */,
			);
			path = DP;
			sourceTree = "<group>";
		};
		4AC0471A2A8EA31600EBDC0E /* Heap */ = {
			isa = PBXGroup;
			children = (
				4AC0471B2A8EA31D00EBDC0E /* Heap.swift */,
			);
			path = Heap;
			sourceTree = "<group>";
		};
/* End PBXGroup section */

/* Begin PBXNativeTarget section */
		4A644BC12A7BC91800019B39 /* algorithm */ = {
			isa = PBXNativeTarget;
			buildConfigurationList = 4A644BC92A7BC91800019B39 /* Build configuration list for PBXNativeTarget "algorithm" */;
			buildPhases = (
				4A644BBE2A7BC91800019B39 /* Sources */,
				4A644BBF2A7BC91800019B39 /* Frameworks */,
				4A644BC02A7BC91800019B39 /* CopyFiles */,
			);
			buildRules = (
			);
			dependencies = (
			);
			name = algorithm;
			productName = algorithm;
			productReference = 4A644BC22A7BC91800019B39 /* algorithm */;
			productType = "com.apple.product-type.tool";
		};
/* End PBXNativeTarget section */

/* Begin PBXProject section */
		4A644BBA2A7BC91800019B39 /* Project object */ = {
			isa = PBXProject;
			attributes = {
				BuildIndependentTargetsInParallel = 1;
				LastSwiftUpdateCheck = 1430;
				LastUpgradeCheck = 1430;
				TargetAttributes = {
					4A644BC12A7BC91800019B39 = {
						CreatedOnToolsVersion = 14.3.1;
					};
				};
			};
			buildConfigurationList = 4A644BBD2A7BC91800019B39 /* Build configuration list for PBXProject "algorithm" */;
			compatibilityVersion = "Xcode 14.0";
			developmentRegion = en;
			hasScannedForEncodings = 0;
			knownRegions = (
				en,
				Base,
			);
			mainGroup = 4A644BB92A7BC91800019B39;
			productRefGroup = 4A644BC32A7BC91800019B39 /* Products */;
			projectDirPath = "";
			projectRoot = "";
			targets = (
				4A644BC12A7BC91800019B39 /* algorithm */,
			);
		};
/* End PBXProject section */

/* Begin PBXSourcesBuildPhase section */
		4A644BBE2A7BC91800019B39 /* Sources */ = {
			isa = PBXSourcesBuildPhase;
			buildActionMask = 2147483647;
			files = (
				4A5F72C62A98585200BEECB2 /* main.swift in Sources */,
			);
			runOnlyForDeploymentPostprocessing = 0;
		};
/* End PBXSourcesBuildPhase section */

/* Begin XCBuildConfiguration section */
		4A644BC72A7BC91800019B39 /* Debug */ = {
			isa = XCBuildConfiguration;
			buildSettings = {
				ALWAYS_SEARCH_USER_PATHS = NO;
				CLANG_ANALYZER_NONNULL = YES;
				CLANG_ANALYZER_NUMBER_OBJECT_CONVERSION = YES_AGGRESSIVE;
				CLANG_CXX_LANGUAGE_STANDARD = "gnu++20";
				CLANG_ENABLE_MODULES = YES;
				CLANG_ENABLE_OBJC_ARC = YES;
				CLANG_ENABLE_OBJC_WEAK = YES;
				CLANG_WARN_BLOCK_CAPTURE_AUTORELEASING = YES;
				CLANG_WARN_BOOL_CONVERSION = YES;
				CLANG_WARN_COMMA = YES;
				CLANG_WARN_CONSTANT_CONVERSION = YES;
				CLANG_WARN_DEPRECATED_OBJC_IMPLEMENTATIONS = YES;
				CLANG_WARN_DIRECT_OBJC_ISA_USAGE = YES_ERROR;
				CLANG_WARN_DOCUMENTATION_COMMENTS = YES;
				CLANG_WARN_EMPTY_BODY = YES;
				CLANG_WARN_ENUM_CONVERSION = YES;
				CLANG_WARN_INFINITE_RECURSION = YES;
				CLANG_WARN_INT_CONVERSION = YES;
				CLANG_WARN_NON_LITERAL_NULL_CONVERSION = YES;
				CLANG_WARN_OBJC_IMPLICIT_RETAIN_SELF = YES;
				CLANG_WARN_OBJC_LITERAL_CONVERSION = YES;
				CLANG_WARN_OBJC_ROOT_CLASS = YES_ERROR;
				CLANG_WARN_QUOTED_INCLUDE_IN_FRAMEWORK_HEADER = YES;
				CLANG_WARN_RANGE_LOOP_ANALYSIS = YES;
				CLANG_WARN_STRICT_PROTOTYPES = YES;
				CLANG_WARN_SUSPICIOUS_MOVE = YES;
				CLANG_WARN_UNGUARDED_AVAILABILITY = YES_AGGRESSIVE;
				CLANG_WARN_UNREACHABLE_CODE = YES;
				CLANG_WARN__DUPLICATE_METHOD_MATCH = YES;
				COPY_PHASE_STRIP = NO;
				DEBUG_INFORMATION_FORMAT = dwarf;
				ENABLE_STRICT_OBJC_MSGSEND = YES;
				ENABLE_TESTABILITY = YES;
				GCC_C_LANGUAGE_STANDARD = gnu11;
				GCC_DYNAMIC_NO_PIC = NO;
				GCC_NO_COMMON_BLOCKS = YES;
				GCC_OPTIMIZATION_LEVEL = 0;
				GCC_PREPROCESSOR_DEFINITIONS = (
					"DEBUG=1",
					"$(inherited)",
				);
				GCC_WARN_64_TO_32_BIT_CONVERSION = YES;
				GCC_WARN_ABOUT_RETURN_TYPE = YES_ERROR;
				GCC_WARN_UNDECLARED_SELECTOR = YES;
				GCC_WARN_UNINITIALIZED_AUTOS = YES_AGGRESSIVE;
				GCC_WARN_UNUSED_FUNCTION = YES;
				GCC_WARN_UNUSED_VARIABLE = YES;
				MACOSX_DEPLOYMENT_TARGET = 13.2;
				MTL_ENABLE_DEBUG_INFO = INCLUDE_SOURCE;
				MTL_FAST_MATH = YES;
				ONLY_ACTIVE_ARCH = YES;
				SDKROOT = macosx;
				SWIFT_ACTIVE_COMPILATION_CONDITIONS = DEBUG;
				SWIFT_OPTIMIZATION_LEVEL = "-Onone";
			};
			name = Debug;
		};
		4A644BC82A7BC91800019B39 /* Release */ = {
			isa = XCBuildConfiguration;
			buildSettings = {
				ALWAYS_SEARCH_USER_PATHS = NO;
				CLANG_ANALYZER_NONNULL = YES;
				CLANG_ANALYZER_NUMBER_OBJECT_CONVERSION = YES_AGGRESSIVE;
				CLANG_CXX_LANGUAGE_STANDARD = "gnu++20";
				CLANG_ENABLE_MODULES = YES;
				CLANG_ENABLE_OBJC_ARC = YES;
				CLANG_ENABLE_OBJC_WEAK = YES;
				CLANG_WARN_BLOCK_CAPTURE_AUTORELEASING = YES;
				CLANG_WARN_BOOL_CONVERSION = YES;
				CLANG_WARN_COMMA = YES;
				CLANG_WARN_CONSTANT_CONVERSION = YES;
				CLANG_WARN_DEPRECATED_OBJC_IMPLEMENTATIONS = YES;
				CLANG_WARN_DIRECT_OBJC_ISA_USAGE = YES_ERROR;
				CLANG_WARN_DOCUMENTATION_COMMENTS = YES;
				CLANG_WARN_EMPTY_BODY = YES;
				CLANG_WARN_ENUM_CONVERSION = YES;
				CLANG_WARN_INFINITE_RECURSION = YES;
				CLANG_WARN_INT_CONVERSION = YES;
				CLANG_WARN_NON_LITERAL_NULL_CONVERSION = YES;
				CLANG_WARN_OBJC_IMPLICIT_RETAIN_SELF = YES;
				CLANG_WARN_OBJC_LITERAL_CONVERSION = YES;
				CLANG_WARN_OBJC_ROOT_CLASS = YES_ERROR;
				CLANG_WARN_QUOTED_INCLUDE_IN_FRAMEWORK_HEADER = YES;
				CLANG_WARN_RANGE_LOOP_ANALYSIS = YES;
				CLANG_WARN_STRICT_PROTOTYPES = YES;
				CLANG_WARN_SUSPICIOUS_MOVE = YES;
				CLANG_WARN_UNGUARDED_AVAILABILITY = YES_AGGRESSIVE;
				CLANG_WARN_UNREACHABLE_CODE = YES;
				CLANG_WARN__DUPLICATE_METHOD_MATCH = YES;
				COPY_PHASE_STRIP = NO;
				DEBUG_INFORMATION_FORMAT = "dwarf-with-dsym";
				ENABLE_NS_ASSERTIONS = NO;
				ENABLE_STRICT_OBJC_MSGSEND = YES;
				GCC_C_LANGUAGE_STANDARD = gnu11;
				GCC_NO_COMMON_BLOCKS = YES;
				GCC_WARN_64_TO_32_BIT_CONVERSION = YES;
				GCC_WARN_ABOUT_RETURN_TYPE = YES_ERROR;
				GCC_WARN_UNDECLARED_SELECTOR = YES;
				GCC_WARN_UNINITIALIZED_AUTOS = YES_AGGRESSIVE;
				GCC_WARN_UNUSED_FUNCTION = YES;
				GCC_WARN_UNUSED_VARIABLE = YES;
				MACOSX_DEPLOYMENT_TARGET = 13.2;
				MTL_ENABLE_DEBUG_INFO = NO;
				MTL_FAST_MATH = YES;
				SDKROOT = macosx;
				SWIFT_COMPILATION_MODE = wholemodule;
				SWIFT_OPTIMIZATION_LEVEL = "-O";
			};
			name = Release;
		};
		4A644BCA2A7BC91800019B39 /* Debug */ = {
			isa = XCBuildConfiguration;
			buildSettings = {
				CODE_SIGN_STYLE = Automatic;
				PRODUCT_NAME = "$(TARGET_NAME)";
				SWIFT_VERSION = 5.0;
			};
			name = Debug;
		};
		4A644BCB2A7BC91800019B39 /* Release */ = {
			isa = XCBuildConfiguration;
			buildSettings = {
				CODE_SIGN_STYLE = Automatic;
				PRODUCT_NAME = "$(TARGET_NAME)";
				SWIFT_VERSION = 5.0;
			};
			name = Release;
		};
/* End XCBuildConfiguration section */

/* Begin XCConfigurationList section */
		4A644BBD2A7BC91800019B39 /* Build configuration list for PBXProject "algorithm" */ = {
			isa = XCConfigurationList;
			buildConfigurations = (
				4A644BC72A7BC91800019B39 /* Debug */,
				4A644BC82A7BC91800019B39 /* Release */,
			);
			defaultConfigurationIsVisible = 0;
			defaultConfigurationName = Release;
		};
		4A644BC92A7BC91800019B39 /* Build configuration list for PBXNativeTarget "algorithm" */ = {
			isa = XCConfigurationList;
			buildConfigurations = (
				4A644BCA2A7BC91800019B39 /* Debug */,
				4A644BCB2A7BC91800019B39 /* Release */,
			);
			defaultConfigurationIsVisible = 0;
			defaultConfigurationName = Release;
		};
/* End XCConfigurationList section */
	};
	rootObject = 4A644BBA2A7BC91800019B39 /* Project object */;
}
