// !$*UTF8*$!
{
	archiveVersion = 1;
	classes = {
	};
	objectVersion = 56;
	objects = {

/* Begin PBXCopyFilesBuildPhase section */
		B56759822A7ACCAF0004E5DD /* CopyFiles */ = {
			isa = PBXCopyFilesBuildPhase;
			buildActionMask = 2147483647;
			dstPath = /usr/share/man/man1/;
			dstSubfolderSpec = 0;
			files = (
			);
			runOnlyForDeploymentPostprocessing = 1;
		};
/* End PBXCopyFilesBuildPhase section */

/* Begin PBXFileReference section */
		B50093772ACFDD8600A398C8 /* 가장 큰 정사각형 찾기.swift */ = {isa = PBXFileReference; lastKnownFileType = sourcecode.swift; path = "가장 큰 정사각형 찾기.swift"; sourceTree = "<group>"; };
		B50093792ACFDDD000A398C8 /* 혼자놀기의 달인.swift */ = {isa = PBXFileReference; lastKnownFileType = sourcecode.swift; path = "혼자놀기의 달인.swift"; sourceTree = "<group>"; };
		B500937C2AD0F54C00A398C8 /* 파스칼의 삼각형.swift */ = {isa = PBXFileReference; lastKnownFileType = sourcecode.swift; path = "파스칼의 삼각형.swift"; sourceTree = "<group>"; };
		B508861B2ACBDE1D0094F4EC /* Queue-Array.swift */ = {isa = PBXFileReference; fileEncoding = 4; lastKnownFileType = sourcecode.swift; path = "Queue-Array.swift"; sourceTree = "<group>"; };
		B508861C2ACBDE1D0094F4EC /* Queue.swift */ = {isa = PBXFileReference; fileEncoding = 4; lastKnownFileType = sourcecode.swift; path = Queue.swift; sourceTree = "<group>"; };
		B508861D2ACBDE1D0094F4EC /* 10845_큐.swift */ = {isa = PBXFileReference; fileEncoding = 4; lastKnownFileType = sourcecode.swift; path = "10845_큐.swift"; sourceTree = "<group>"; };
		B508861E2ACBDE1D0094F4EC /* Queue-LinkedList.swift */ = {isa = PBXFileReference; fileEncoding = 4; lastKnownFileType = sourcecode.swift; path = "Queue-LinkedList.swift"; sourceTree = "<group>"; };
		B50886242ACBDF060094F4EC /* 4673_셀프넘버.swift */ = {isa = PBXFileReference; fileEncoding = 4; lastKnownFileType = sourcecode.swift; path = "4673_셀프넘버.swift"; sourceTree = "<group>"; };
		B50886262ACBDF290094F4EC /* 14888_연산자 끼워넣기.swift */ = {isa = PBXFileReference; lastKnownFileType = sourcecode.swift; path = "14888_연산자 끼워넣기.swift"; sourceTree = "<group>"; };
		B50886272ACBDF2A0094F4EC /* 2644_촌수계산.swift */ = {isa = PBXFileReference; lastKnownFileType = sourcecode.swift; path = "2644_촌수계산.swift"; sourceTree = "<group>"; };
		B50886282ACBDF4D0094F4EC /* 1012_유기농배추.swift */ = {isa = PBXFileReference; lastKnownFileType = sourcecode.swift; path = "1012_유기농배추.swift"; sourceTree = "<group>"; };
		B50886292ACBDF4E0094F4EC /* 2606_바이러스.swift */ = {isa = PBXFileReference; lastKnownFileType = sourcecode.swift; path = "2606_바이러스.swift"; sourceTree = "<group>"; };
		B508862A2ACBDF4E0094F4EC /* 11724_연결요소의 개수.swift */ = {isa = PBXFileReference; lastKnownFileType = sourcecode.swift; path = "11724_연결요소의 개수.swift"; sourceTree = "<group>"; };
		B508862B2ACBDF5D0094F4EC /* 15649_N과M.swift */ = {isa = PBXFileReference; lastKnownFileType = sourcecode.swift; path = "15649_N과M.swift"; sourceTree = "<group>"; };
		B508862C2ACBDF5D0094F4EC /* 1182_부분수열의합.swift */ = {isa = PBXFileReference; lastKnownFileType = sourcecode.swift; path = "1182_부분수열의합.swift"; sourceTree = "<group>"; };
		B508862D2ACBE0020094F4EC /* 1753_최단경로(다익).swift */ = {isa = PBXFileReference; lastKnownFileType = sourcecode.swift; path = "1753_최단경로(다익).swift"; sourceTree = "<group>"; };
		B508862E2ACBE0020094F4EC /* 14940_쉬운 최단거리.swift */ = {isa = PBXFileReference; lastKnownFileType = sourcecode.swift; path = "14940_쉬운 최단거리.swift"; sourceTree = "<group>"; };
		B508862F2ACBE0020094F4EC /* 2178_미로탐색.swift */ = {isa = PBXFileReference; lastKnownFileType = sourcecode.swift; path = "2178_미로탐색.swift"; sourceTree = "<group>"; };
		B50886312ACBE0980094F4EC /* 모음사전.swift */ = {isa = PBXFileReference; lastKnownFileType = sourcecode.swift; path = "모음사전.swift"; sourceTree = "<group>"; };
		B50886332ACBE0AD0094F4EC /* 전력망을 둘로 나누기.swift */ = {isa = PBXFileReference; lastKnownFileType = sourcecode.swift; path = "전력망을 둘로 나누기.swift"; sourceTree = "<group>"; };
		B50886352ACBE0C60094F4EC /* 피로도.swift */ = {isa = PBXFileReference; lastKnownFileType = sourcecode.swift; path = "피로도.swift"; sourceTree = "<group>"; };
		B50886372ACBE0D40094F4EC /* 소수찾기.swift */ = {isa = PBXFileReference; lastKnownFileType = sourcecode.swift; path = "소수찾기.swift"; sourceTree = "<group>"; };
		B50886392ACBE0E40094F4EC /* 타겟 넘버.swift */ = {isa = PBXFileReference; lastKnownFileType = sourcecode.swift; path = "타겟 넘버.swift"; sourceTree = "<group>"; };
		B508863B2ACBE0F80094F4EC /* 네트워크.swift */ = {isa = PBXFileReference; lastKnownFileType = sourcecode.swift; path = "네트워크.swift"; sourceTree = "<group>"; };
		B508863D2ACBE1060094F4EC /* 단어변환.swift */ = {isa = PBXFileReference; lastKnownFileType = sourcecode.swift; path = "단어변환.swift"; sourceTree = "<group>"; };
		B508863F2ACBE1120094F4EC /* 스킬트리.swift */ = {isa = PBXFileReference; lastKnownFileType = sourcecode.swift; path = "스킬트리.swift"; sourceTree = "<group>"; };
		B50886412ACBE1230094F4EC /* 괄호 회전하기.swift */ = {isa = PBXFileReference; lastKnownFileType = sourcecode.swift; path = "괄호 회전하기.swift"; sourceTree = "<group>"; };
		B50886432ACBE1390094F4EC /* 시소 짝꿍.swift */ = {isa = PBXFileReference; lastKnownFileType = sourcecode.swift; path = "시소 짝꿍.swift"; sourceTree = "<group>"; };
		B50886452ACBE1FF0094F4EC /* 여행 경로.swift */ = {isa = PBXFileReference; lastKnownFileType = sourcecode.swift; path = "여행 경로.swift"; sourceTree = "<group>"; };
		B50886472ACBE2190094F4EC /* 가장 먼 노드.swift */ = {isa = PBXFileReference; lastKnownFileType = sourcecode.swift; path = "가장 먼 노드.swift"; sourceTree = "<group>"; };
		B50886492ACBE22E0094F4EC /* 퍼즐 조각 채우기.swift */ = {isa = PBXFileReference; lastKnownFileType = sourcecode.swift; path = "퍼즐 조각 채우기.swift"; sourceTree = "<group>"; };
		B508864B2ACBE23C0094F4EC /* 다트 게임.swift */ = {isa = PBXFileReference; lastKnownFileType = sourcecode.swift; path = "다트 게임.swift"; sourceTree = "<group>"; };
		B50886502ACBE2E00094F4EC /* 뉴스 클러스터링.swift */ = {isa = PBXFileReference; lastKnownFileType = sourcecode.swift; path = "뉴스 클러스터링.swift"; sourceTree = "<group>"; };
		B50886532ACBE3240094F4EC /* 삽입 정렬.swift */ = {isa = PBXFileReference; lastKnownFileType = sourcecode.swift; path = "삽입 정렬.swift"; sourceTree = "<group>"; };
		B50886552ACBE3340094F4EC /* 버블 정렬.swift */ = {isa = PBXFileReference; lastKnownFileType = sourcecode.swift; path = "버블 정렬.swift"; sourceTree = "<group>"; };
		B50886582ACBE3890094F4EC /* 감시.swift */ = {isa = PBXFileReference; lastKnownFileType = sourcecode.swift; path = "감시.swift"; sourceTree = "<group>"; };
		B508865A2ACBE3B30094F4EC /* 스티커 붙이기.swift */ = {isa = PBXFileReference; lastKnownFileType = sourcecode.swift; path = "스티커 붙이기.swift"; sourceTree = "<group>"; };
		B508865C2ACBE42F0094F4EC /* 1927_최소힙.swift */ = {isa = PBXFileReference; lastKnownFileType = sourcecode.swift; path = "1927_최소힙.swift"; sourceTree = "<group>"; };
		B50886802ACE56B90094F4EC /* 멀리뛰기.swift */ = {isa = PBXFileReference; lastKnownFileType = sourcecode.swift; path = "멀리뛰기.swift"; sourceTree = "<group>"; };
		B50886822ACE5E450094F4EC /* 파일명정리.swift */ = {isa = PBXFileReference; lastKnownFileType = sourcecode.swift; path = "파일명정리.swift"; sourceTree = "<group>"; };
		B50886842ACE7D080094F4EC /* 3진법 뒤집기.swift */ = {isa = PBXFileReference; lastKnownFileType = sourcecode.swift; path = "3진법 뒤집기.swift"; sourceTree = "<group>"; };
		B56759842A7ACCAF0004E5DD /* algo-swift-MCU */ = {isa = PBXFileReference; explicitFileType = "compiled.mach-o.executable"; includeInIndex = 0; path = "algo-swift-MCU"; sourceTree = BUILT_PRODUCTS_DIR; };
		B56759B32A82A9B80004E5DD /* stack.swift */ = {isa = PBXFileReference; fileEncoding = 4; lastKnownFileType = sourcecode.swift; path = stack.swift; sourceTree = "<group>"; };
		B56759B42A82A9B80004E5DD /* stack-linkedlist.swift */ = {isa = PBXFileReference; fileEncoding = 4; lastKnownFileType = sourcecode.swift; path = "stack-linkedlist.swift"; sourceTree = "<group>"; };
		B56759B52A82A9B80004E5DD /* 10828_스택.swift */ = {isa = PBXFileReference; fileEncoding = 4; lastKnownFileType = sourcecode.swift; path = "10828_스택.swift"; sourceTree = "<group>"; };
		B56759C32A82A9E30004E5DD /* LinkedList.swift */ = {isa = PBXFileReference; fileEncoding = 4; lastKnownFileType = sourcecode.swift; path = LinkedList.swift; sourceTree = "<group>"; };
		B56759C42A82A9E30004E5DD /* CircularLinkedList.swift */ = {isa = PBXFileReference; fileEncoding = 4; lastKnownFileType = sourcecode.swift; path = CircularLinkedList.swift; sourceTree = "<group>"; };
		B56759C52A82A9E30004E5DD /* DLinkedList.swift */ = {isa = PBXFileReference; fileEncoding = 4; lastKnownFileType = sourcecode.swift; path = DLinkedList.swift; sourceTree = "<group>"; };
		B56759C62A82A9E30004E5DD /* ListProtocol.swift */ = {isa = PBXFileReference; fileEncoding = 4; lastKnownFileType = sourcecode.swift; path = ListProtocol.swift; sourceTree = "<group>"; };
		B56759C72A82A9E30004E5DD /* Node.swift */ = {isa = PBXFileReference; fileEncoding = 4; lastKnownFileType = sourcecode.swift; path = Node.swift; sourceTree = "<group>"; };
		B56759C82A82A9E30004E5DD /* 1021_회전하는큐.swift */ = {isa = PBXFileReference; fileEncoding = 4; lastKnownFileType = sourcecode.swift; path = "1021_회전하는큐.swift"; sourceTree = "<group>"; };
		B593D7872AD256DD0062A3BB /* 가장 긴 팰린드롬.swift */ = {isa = PBXFileReference; lastKnownFileType = sourcecode.swift; path = "가장 긴 팰린드롬.swift"; sourceTree = "<group>"; };
		B593D7892AD2B33B0062A3BB /* 귤고르기.swift */ = {isa = PBXFileReference; lastKnownFileType = sourcecode.swift; path = "귤고르기.swift"; sourceTree = "<group>"; };
		B593D78B2AD2B3510062A3BB /* 영어끝말잇기.swift */ = {isa = PBXFileReference; lastKnownFileType = sourcecode.swift; path = "영어끝말잇기.swift"; sourceTree = "<group>"; };
		B593D7902AD3C1920062A3BB /* 숫자 게임.swift */ = {isa = PBXFileReference; lastKnownFileType = sourcecode.swift; path = "숫자 게임.swift"; sourceTree = "<group>"; };
/* End PBXFileReference section */

/* Begin PBXFrameworksBuildPhase section */
		B56759812A7ACCAF0004E5DD /* Frameworks */ = {
			isa = PBXFrameworksBuildPhase;
			buildActionMask = 2147483647;
			files = (
			);
			runOnlyForDeploymentPostprocessing = 0;
		};
/* End PBXFrameworksBuildPhase section */

/* Begin PBXGroup section */
		B508861A2ACBDE1D0094F4EC /* Queue */ = {
			isa = PBXGroup;
			children = (
				B508861B2ACBDE1D0094F4EC /* Queue-Array.swift */,
				B508861C2ACBDE1D0094F4EC /* Queue.swift */,
				B508861D2ACBDE1D0094F4EC /* 10845_큐.swift */,
				B508861E2ACBDE1D0094F4EC /* Queue-LinkedList.swift */,
			);
			path = Queue;
			sourceTree = "<group>";
		};
		B50886232ACBDEDB0094F4EC /* 그래프 탐색 */ = {
			isa = PBXGroup;
			children = (
				B508862D2ACBE0020094F4EC /* 1753_최단경로(다익).swift */,
				B508862F2ACBE0020094F4EC /* 2178_미로탐색.swift */,
				B508862E2ACBE0020094F4EC /* 14940_쉬운 최단거리.swift */,
				B50886242ACBDF060094F4EC /* 4673_셀프넘버.swift */,
				B50886272ACBDF2A0094F4EC /* 2644_촌수계산.swift */,
				B50886262ACBDF290094F4EC /* 14888_연산자 끼워넣기.swift */,
				B50886282ACBDF4D0094F4EC /* 1012_유기농배추.swift */,
				B50886292ACBDF4E0094F4EC /* 2606_바이러스.swift */,
				B508862A2ACBDF4E0094F4EC /* 11724_연결요소의 개수.swift */,
				B508862C2ACBDF5D0094F4EC /* 1182_부분수열의합.swift */,
				B508862B2ACBDF5D0094F4EC /* 15649_N과M.swift */,
			);
			name = "그래프 탐색";
			path = "그래프 탐색";
			sourceTree = "<group>";
		};
		B50886302ACBE0810094F4EC /* 프로그래머스 */ = {
			isa = PBXGroup;
			children = (
				B50886312ACBE0980094F4EC /* 모음사전.swift */,
				B50886332ACBE0AD0094F4EC /* 전력망을 둘로 나누기.swift */,
				B50886352ACBE0C60094F4EC /* 피로도.swift */,
				B50886372ACBE0D40094F4EC /* 소수찾기.swift */,
				B50886392ACBE0E40094F4EC /* 타겟 넘버.swift */,
				B508863B2ACBE0F80094F4EC /* 네트워크.swift */,
				B508863D2ACBE1060094F4EC /* 단어변환.swift */,
				B508863F2ACBE1120094F4EC /* 스킬트리.swift */,
				B50886412ACBE1230094F4EC /* 괄호 회전하기.swift */,
				B50886432ACBE1390094F4EC /* 시소 짝꿍.swift */,
				B50886452ACBE1FF0094F4EC /* 여행 경로.swift */,
				B50886472ACBE2190094F4EC /* 가장 먼 노드.swift */,
				B50886492ACBE22E0094F4EC /* 퍼즐 조각 채우기.swift */,
				B508864B2ACBE23C0094F4EC /* 다트 게임.swift */,
				B50886502ACBE2E00094F4EC /* 뉴스 클러스터링.swift */,
				B50886842ACE7D080094F4EC /* 3진법 뒤집기.swift */,
				B50886822ACE5E450094F4EC /* 파일명정리.swift */,
				B50886802ACE56B90094F4EC /* 멀리뛰기.swift */,
				B50093772ACFDD8600A398C8 /* 가장 큰 정사각형 찾기.swift */,
				B50093792ACFDDD000A398C8 /* 혼자놀기의 달인.swift */,
				B593D7892AD2B33B0062A3BB /* 귤고르기.swift */,
				B593D78B2AD2B3510062A3BB /* 영어끝말잇기.swift */,
				B593D7902AD3C1920062A3BB /* 숫자 게임.swift */,
			);
			name = "프로그래머스";
			path = "프로그래머스";
			sourceTree = "<group>";
		};
		B50886522ACBE3100094F4EC /* 정렬 */ = {
			isa = PBXGroup;
			children = (
				B50886532ACBE3240094F4EC /* 삽입 정렬.swift */,
				B50886552ACBE3340094F4EC /* 버블 정렬.swift */,
			);
			name = "정렬";
			path = "정렬";
			sourceTree = "<group>";
		};
		B50886572ACBE37E0094F4EC /* 구현 */ = {
			isa = PBXGroup;
			children = (
				B50886582ACBE3890094F4EC /* 감시.swift */,
				B508865A2ACBE3B30094F4EC /* 스티커 붙이기.swift */,
			);
			name = "구현";
			path = "구현";
			sourceTree = "<group>";
		};
		B567597B2A7ACCAF0004E5DD = {
			isa = PBXGroup;
			children = (
				B56759862A7ACCAF0004E5DD /* algo-swift-MCU */,
				B56759852A7ACCAF0004E5DD /* Products */,
			);
			sourceTree = "<group>";
		};
		B56759852A7ACCAF0004E5DD /* Products */ = {
			isa = PBXGroup;
			children = (
				B56759842A7ACCAF0004E5DD /* algo-swift-MCU */,
			);
			name = Products;
			sourceTree = "<group>";
		};
		B56759862A7ACCAF0004E5DD /* algo-swift-MCU */ = {
			isa = PBXGroup;
			children = (
				B593D7862AD256C50062A3BB /* DP */,
				B50886572ACBE37E0094F4EC /* 구현 */,
				B50886522ACBE3100094F4EC /* 정렬 */,
				B50886302ACBE0810094F4EC /* 프로그래머스 */,
				B50886232ACBDEDB0094F4EC /* 그래프 탐색 */,
				B567598E2A7ACCC80004E5DD /* 자료구조 */,
			);
			path = "algo-swift-MCU";
			sourceTree = "<group>";
		};
		B567598E2A7ACCC80004E5DD /* 자료구조 */ = {
			isa = PBXGroup;
			children = (
				B508861A2ACBDE1D0094F4EC /* Queue */,
				B56759B22A82A9370004E5DD /* Stack */,
				B56759B02A82A9290004E5DD /* LinkedList */,
				B508865C2ACBE42F0094F4EC /* 1927_최소힙.swift */,
			);
			name = "자료구조";
			path = "자료구조";
			sourceTree = "<group>";
		};
		B56759B02A82A9290004E5DD /* LinkedList */ = {
			isa = PBXGroup;
			children = (
				B56759C82A82A9E30004E5DD /* 1021_회전하는큐.swift */,
				B56759C42A82A9E30004E5DD /* CircularLinkedList.swift */,
				B56759C52A82A9E30004E5DD /* DLinkedList.swift */,
				B56759C32A82A9E30004E5DD /* LinkedList.swift */,
				B56759C62A82A9E30004E5DD /* ListProtocol.swift */,
				B56759C72A82A9E30004E5DD /* Node.swift */,
			);
			path = LinkedList;
			sourceTree = "<group>";
		};
		B56759B22A82A9370004E5DD /* Stack */ = {
			isa = PBXGroup;
			children = (
				B56759B52A82A9B80004E5DD /* 10828_스택.swift */,
				B56759B42A82A9B80004E5DD /* stack-linkedlist.swift */,
				B56759B32A82A9B80004E5DD /* stack.swift */,
			);
			path = Stack;
			sourceTree = "<group>";
		};
		B593D7862AD256C50062A3BB /* DP */ = {
			isa = PBXGroup;
			children = (
				B500937C2AD0F54C00A398C8 /* 파스칼의 삼각형.swift */,
				B593D7872AD256DD0062A3BB /* 가장 긴 팰린드롬.swift */,
			);
			path = DP;
			sourceTree = "<group>";
		};
/* End PBXGroup section */

/* Begin PBXNativeTarget section */
		B56759832A7ACCAF0004E5DD /* algo-swift-MCU */ = {
			isa = PBXNativeTarget;
			buildConfigurationList = B567598B2A7ACCAF0004E5DD /* Build configuration list for PBXNativeTarget "algo-swift-MCU" */;
			buildPhases = (
				B56759802A7ACCAF0004E5DD /* Sources */,
				B56759812A7ACCAF0004E5DD /* Frameworks */,
				B56759822A7ACCAF0004E5DD /* CopyFiles */,
			);
			buildRules = (
			);
			dependencies = (
			);
			name = "algo-swift-MCU";
			productName = "algo-swift-MCU";
			productReference = B56759842A7ACCAF0004E5DD /* algo-swift-MCU */;
			productType = "com.apple.product-type.tool";
		};
/* End PBXNativeTarget section */

/* Begin PBXProject section */
		B567597C2A7ACCAF0004E5DD /* Project object */ = {
			isa = PBXProject;
			attributes = {
				BuildIndependentTargetsInParallel = 1;
				LastSwiftUpdateCheck = 1430;
				LastUpgradeCheck = 1430;
				TargetAttributes = {
					B56759832A7ACCAF0004E5DD = {
						CreatedOnToolsVersion = 14.3;
						LastSwiftMigration = 1500;
					};
				};
			};
			buildConfigurationList = B567597F2A7ACCAF0004E5DD /* Build configuration list for PBXProject "algo-swift-MCU" */;
			compatibilityVersion = "Xcode 14.0";
			developmentRegion = en;
			hasScannedForEncodings = 0;
			knownRegions = (
				en,
				Base,
			);
			mainGroup = B567597B2A7ACCAF0004E5DD;
			productRefGroup = B56759852A7ACCAF0004E5DD /* Products */;
			projectDirPath = "";
			projectRoot = "";
			targets = (
				B56759832A7ACCAF0004E5DD /* algo-swift-MCU */,
			);
		};
/* End PBXProject section */

/* Begin PBXSourcesBuildPhase section */
		B56759802A7ACCAF0004E5DD /* Sources */ = {
			isa = PBXSourcesBuildPhase;
			buildActionMask = 2147483647;
			files = (
			);
			runOnlyForDeploymentPostprocessing = 0;
		};
/* End PBXSourcesBuildPhase section */

/* Begin XCBuildConfiguration section */
		B56759892A7ACCAF0004E5DD /* Debug */ = {
			isa = XCBuildConfiguration;
			buildSettings = {
				ALWAYS_SEARCH_USER_PATHS = NO;
				CLANG_ANALYZER_NONNULL = YES;
				CLANG_ANALYZER_NUMBER_OBJECT_CONVERSION = YES_AGGRESSIVE;
				CLANG_CXX_LANGUAGE_STANDARD = "gnu++20";
				CLANG_ENABLE_MODULES = YES;
				CLANG_ENABLE_OBJC_ARC = YES;
				CLANG_ENABLE_OBJC_WEAK = YES;
				CLANG_WARN_BLOCK_CAPTURE_AUTORELEASING = YES;
				CLANG_WARN_BOOL_CONVERSION = YES;
				CLANG_WARN_COMMA = YES;
				CLANG_WARN_CONSTANT_CONVERSION = YES;
				CLANG_WARN_DEPRECATED_OBJC_IMPLEMENTATIONS = YES;
				CLANG_WARN_DIRECT_OBJC_ISA_USAGE = YES_ERROR;
				CLANG_WARN_DOCUMENTATION_COMMENTS = YES;
				CLANG_WARN_EMPTY_BODY = YES;
				CLANG_WARN_ENUM_CONVERSION = YES;
				CLANG_WARN_INFINITE_RECURSION = YES;
				CLANG_WARN_INT_CONVERSION = YES;
				CLANG_WARN_NON_LITERAL_NULL_CONVERSION = YES;
				CLANG_WARN_OBJC_IMPLICIT_RETAIN_SELF = YES;
				CLANG_WARN_OBJC_LITERAL_CONVERSION = YES;
				CLANG_WARN_OBJC_ROOT_CLASS = YES_ERROR;
				CLANG_WARN_QUOTED_INCLUDE_IN_FRAMEWORK_HEADER = YES;
				CLANG_WARN_RANGE_LOOP_ANALYSIS = YES;
				CLANG_WARN_STRICT_PROTOTYPES = YES;
				CLANG_WARN_SUSPICIOUS_MOVE = YES;
				CLANG_WARN_UNGUARDED_AVAILABILITY = YES_AGGRESSIVE;
				CLANG_WARN_UNREACHABLE_CODE = YES;
				CLANG_WARN__DUPLICATE_METHOD_MATCH = YES;
				COPY_PHASE_STRIP = NO;
				DEBUG_INFORMATION_FORMAT = dwarf;
				ENABLE_STRICT_OBJC_MSGSEND = YES;
				ENABLE_TESTABILITY = YES;
				GCC_C_LANGUAGE_STANDARD = gnu11;
				GCC_DYNAMIC_NO_PIC = NO;
				GCC_NO_COMMON_BLOCKS = YES;
				GCC_OPTIMIZATION_LEVEL = 0;
				GCC_PREPROCESSOR_DEFINITIONS = (
					"DEBUG=1",
					"$(inherited)",
				);
				GCC_WARN_64_TO_32_BIT_CONVERSION = YES;
				GCC_WARN_ABOUT_RETURN_TYPE = YES_ERROR;
				GCC_WARN_UNDECLARED_SELECTOR = YES;
				GCC_WARN_UNINITIALIZED_AUTOS = YES_AGGRESSIVE;
				GCC_WARN_UNUSED_FUNCTION = YES;
				GCC_WARN_UNUSED_VARIABLE = YES;
				MACOSX_DEPLOYMENT_TARGET = 13.2;
				MTL_ENABLE_DEBUG_INFO = INCLUDE_SOURCE;
				MTL_FAST_MATH = YES;
				ONLY_ACTIVE_ARCH = YES;
				SDKROOT = macosx;
				SWIFT_ACTIVE_COMPILATION_CONDITIONS = DEBUG;
				SWIFT_OPTIMIZATION_LEVEL = "-Onone";
			};
			name = Debug;
		};
		B567598A2A7ACCAF0004E5DD /* Release */ = {
			isa = XCBuildConfiguration;
			buildSettings = {
				ALWAYS_SEARCH_USER_PATHS = NO;
				CLANG_ANALYZER_NONNULL = YES;
				CLANG_ANALYZER_NUMBER_OBJECT_CONVERSION = YES_AGGRESSIVE;
				CLANG_CXX_LANGUAGE_STANDARD = "gnu++20";
				CLANG_ENABLE_MODULES = YES;
				CLANG_ENABLE_OBJC_ARC = YES;
				CLANG_ENABLE_OBJC_WEAK = YES;
				CLANG_WARN_BLOCK_CAPTURE_AUTORELEASING = YES;
				CLANG_WARN_BOOL_CONVERSION = YES;
				CLANG_WARN_COMMA = YES;
				CLANG_WARN_CONSTANT_CONVERSION = YES;
				CLANG_WARN_DEPRECATED_OBJC_IMPLEMENTATIONS = YES;
				CLANG_WARN_DIRECT_OBJC_ISA_USAGE = YES_ERROR;
				CLANG_WARN_DOCUMENTATION_COMMENTS = YES;
				CLANG_WARN_EMPTY_BODY = YES;
				CLANG_WARN_ENUM_CONVERSION = YES;
				CLANG_WARN_INFINITE_RECURSION = YES;
				CLANG_WARN_INT_CONVERSION = YES;
				CLANG_WARN_NON_LITERAL_NULL_CONVERSION = YES;
				CLANG_WARN_OBJC_IMPLICIT_RETAIN_SELF = YES;
				CLANG_WARN_OBJC_LITERAL_CONVERSION = YES;
				CLANG_WARN_OBJC_ROOT_CLASS = YES_ERROR;
				CLANG_WARN_QUOTED_INCLUDE_IN_FRAMEWORK_HEADER = YES;
				CLANG_WARN_RANGE_LOOP_ANALYSIS = YES;
				CLANG_WARN_STRICT_PROTOTYPES = YES;
				CLANG_WARN_SUSPICIOUS_MOVE = YES;
				CLANG_WARN_UNGUARDED_AVAILABILITY = YES_AGGRESSIVE;
				CLANG_WARN_UNREACHABLE_CODE = YES;
				CLANG_WARN__DUPLICATE_METHOD_MATCH = YES;
				COPY_PHASE_STRIP = NO;
				DEBUG_INFORMATION_FORMAT = "dwarf-with-dsym";
				ENABLE_NS_ASSERTIONS = NO;
				ENABLE_STRICT_OBJC_MSGSEND = YES;
				GCC_C_LANGUAGE_STANDARD = gnu11;
				GCC_NO_COMMON_BLOCKS = YES;
				GCC_WARN_64_TO_32_BIT_CONVERSION = YES;
				GCC_WARN_ABOUT_RETURN_TYPE = YES_ERROR;
				GCC_WARN_UNDECLARED_SELECTOR = YES;
				GCC_WARN_UNINITIALIZED_AUTOS = YES_AGGRESSIVE;
				GCC_WARN_UNUSED_FUNCTION = YES;
				GCC_WARN_UNUSED_VARIABLE = YES;
				MACOSX_DEPLOYMENT_TARGET = 13.2;
				MTL_ENABLE_DEBUG_INFO = NO;
				MTL_FAST_MATH = YES;
				SDKROOT = macosx;
				SWIFT_COMPILATION_MODE = wholemodule;
				SWIFT_OPTIMIZATION_LEVEL = "-O";
			};
			name = Release;
		};
		B567598C2A7ACCAF0004E5DD /* Debug */ = {
			isa = XCBuildConfiguration;
			buildSettings = {
				CLANG_ENABLE_MODULES = YES;
				CODE_SIGN_STYLE = Automatic;
				DEVELOPMENT_TEAM = AXN37CP9B9;
				ENABLE_HARDENED_RUNTIME = YES;
				PRODUCT_NAME = "$(TARGET_NAME)";
				SWIFT_OPTIMIZATION_LEVEL = "-Onone";
				SWIFT_VERSION = 5.0;
			};
			name = Debug;
		};
		B567598D2A7ACCAF0004E5DD /* Release */ = {
			isa = XCBuildConfiguration;
			buildSettings = {
				CLANG_ENABLE_MODULES = YES;
				CODE_SIGN_STYLE = Automatic;
				DEVELOPMENT_TEAM = AXN37CP9B9;
				ENABLE_HARDENED_RUNTIME = YES;
				PRODUCT_NAME = "$(TARGET_NAME)";
				SWIFT_VERSION = 5.0;
			};
			name = Release;
		};
/* End XCBuildConfiguration section */

/* Begin XCConfigurationList section */
		B567597F2A7ACCAF0004E5DD /* Build configuration list for PBXProject "algo-swift-MCU" */ = {
			isa = XCConfigurationList;
			buildConfigurations = (
				B56759892A7ACCAF0004E5DD /* Debug */,
				B567598A2A7ACCAF0004E5DD /* Release */,
			);
			defaultConfigurationIsVisible = 0;
			defaultConfigurationName = Release;
		};
		B567598B2A7ACCAF0004E5DD /* Build configuration list for PBXNativeTarget "algo-swift-MCU" */ = {
			isa = XCConfigurationList;
			buildConfigurations = (
				B567598C2A7ACCAF0004E5DD /* Debug */,
				B567598D2A7ACCAF0004E5DD /* Release */,
			);
			defaultConfigurationIsVisible = 0;
			defaultConfigurationName = Release;
		};
/* End XCConfigurationList section */
	};
	rootObject = B567597C2A7ACCAF0004E5DD /* Project object */;
}
